lockfileVersion: '9.0'

settings:
  autoInstallPeers: true
  excludeLinksFromLockfile: false

importers:

  .:
    devDependencies:
      '@dprint/formatter':
        specifier: ~0.5.1
        version: 0.5.1

packages:

  '@dprint/formatter@0.5.1':
    resolution: {integrity: sha512-cdZUrm0iv/FnnY3CKE2dEcVhNEzrC551aE2h2mTFwQCRBrqyARLDnb7D+3PlXTUVp3s34ftlnGOVCmhLT9DeKA==}

snapshots:

  '@dprint/formatter@0.5.1': {}
