lockfileVersion: '9.0'

settings:
  autoInstallPeers: true
  excludeLinksFromLockfile: false

importers:

  .:
    devDependencies:
      '@dprint/formatter':
        specifier: ~0.4.1
        version: 0.4.1

packages:

  '@dprint/formatter@0.4.1':
    resolution: {integrity: sha512-IB/GXdlMOvi0UhQQ9mcY15Fxcrc2JPadmo6tqefCNV0bptFq7YBpggzpqYXldBXDa04CbKJ+rDwO2eNRPE2+/g==}

snapshots:

  '@dprint/formatter@0.4.1': {}
